{
  "version": 4,
  "terraform_version": "1.2.5",
  "serial": 26,
  "lineage": "7dbd242d-5ac9-1245-a5e9-0adfe81275de",
  "outputs": {},
  "resources": [
    {
      "mode": "data",
      "type": "yandex_compute_image",
      "name": "ubuntu_image",
      "provider": "provider[\"registry.terraform.io/yandex-cloud/yandex\"]",
      "instances": [
        {
          "schema_version": 0,
          "attributes": {
            "created_at": "2022-07-18T10:48:14Z",
            "description": "ubuntu 20.04 lts",
            "family": "ubuntu-2004-lts",
            "folder_id": "standard-images",
            "id": "fd826dalmbcl81eo5nig",
            "image_id": "fd826dalmbcl81eo5nig",
            "labels": {},
            "min_disk_size": 5,
            "name": "ubuntu-20-04-lts-v20220718",
            "os_type": "linux",
            "pooled": true,
            "product_ids": [
              "f2epkmusmnnkrb9m1vtr"
            ],
            "size": 4,
            "status": "ready"
          },
          "sensitive_attributes": []
        }
      ]
    },
    {
      "mode": "managed",
      "type": "yandex_compute_instance",
      "name": "vm-test1",
      "provider": "provider[\"registry.terraform.io/yandex-cloud/yandex\"]",
      "instances": [
        {
          "schema_version": 1,
          "attributes": {
            "allow_recreate": null,
            "allow_stopping_for_update": null,
            "boot_disk": [
              {
                "auto_delete": true,
                "device_name": "fhmapv4tldtfdqqqgu2r",
                "disk_id": "fhmapv4tldtfdqqqgu2r",
                "initialize_params": [
                  {
                    "block_size": 4096,
                    "description": "",
                    "image_id": "fd826dalmbcl81eo5nig",
                    "name": "",
                    "size": 5,
                    "snapshot_id": "",
                    "type": "network-hdd"
                  }
                ],
                "mode": "READ_WRITE"
              }
            ],
            "created_at": "2022-07-21T11:29:00Z",
            "description": "",
            "folder_id": "b1gc5g05modjqt1t77f6",
            "fqdn": "fhmgr6bqlocr4ckkrsjt.auto.internal",
            "hostname": "fhmgr6bqlocr4ckkrsjt",
            "id": "fhmgr6bqlocr4ckkrsjt",
            "labels": null,
            "local_disk": [],
            "metadata": {
              "user-data": "#cloud-config\nusers:\n  - name: test\n    groups: sudo\n    shell: /bin/bash\n    sudo: ['ALL=(ALL) NOPASSWD:ALL']\n    ssh-authorized-keys:\n      - ssh-rsa AAAAB3NzaC1yc2EAAAADAQABAAABAQCiG6JIerqqwA6IWqBDOQ/0gxth77XJ15SpqX5jUVxkDR2K0gU8tt59SVCtVezv98D4b0+rndqpBYfGx17GSgbCD815gzJJ/u7fGfqc1TmcxqAJWbKtq4Oyn/+UHTSo8IFNen42UDL6Dtn4mIY1Uex1LgMtmeBGkao3xGUAaUAogLQtXVBQDjoWpMzkxtnORy0KjqqMUc0HcpQ/He78jimVV79dykjWbU0MjUa8zgmPQSiRvoPGBqaS8hOHV0YG2ccIp3K5nXeYCSi9k/uUq1lrE9+oOXtnpgWlmobpoM5A2elovFR84noNKZvIjSPmWpZCO44e2lpyquhvhOw4DR5d rsa-key-20220311\n"
            },
            "name": "master",
            "network_acceleration_type": "standard",
            "network_interface": [
              {
                "dns_record": [],
                "index": 0,
                "ip_address": "192.168.15.24",
                "ipv4": true,
                "ipv6": false,
                "ipv6_address": "",
                "ipv6_dns_record": [],
                "mac_address": "d0:0d:10:d9:97:aa",
                "nat": true,
                "nat_dns_record": [],
                "nat_ip_address": "51.250.68.182",
                "nat_ip_version": "IPV4",
                "security_group_ids": [],
                "subnet_id": "e9b99ukgjaae48lq7lu7"
              }
            ],
            "placement_policy": [
              {
                "host_affinity_rules": [],
                "placement_group_id": ""
              }
            ],
            "platform_id": "standard-v1",
            "resources": [
              {
                "core_fraction": 100,
                "cores": 2,
                "gpus": 0,
                "memory": 2
              }
            ],
            "scheduling_policy": [
              {
                "preemptible": false
              }
            ],
            "secondary_disk": [],
            "service_account_id": "",
            "status": "running",
            "timeouts": null,
            "zone": "ru-central1-a"
          },
          "sensitive_attributes": [],
          "private": "eyJlMmJmYjczMC1lY2FhLTExZTYtOGY4OC0zNDM2M2JjN2M0YzAiOnsiY3JlYXRlIjozMDAwMDAwMDAwMDAsImRlbGV0ZSI6MzAwMDAwMDAwMDAwLCJ1cGRhdGUiOjMwMDAwMDAwMDAwMH0sInNjaGVtYV92ZXJzaW9uIjoiMSJ9",
          "dependencies": [
            "data.yandex_compute_image.ubuntu_image",
            "yandex_vpc_network.network_terraform",
            "yandex_vpc_subnet.subnet_terraform"
          ]
        }
      ]
    },
    {
      "mode": "managed",
      "type": "yandex_compute_instance",
      "name": "vm-test2",
      "provider": "provider[\"registry.terraform.io/yandex-cloud/yandex\"]",
      "instances": [
        {
          "schema_version": 1,
          "attributes": {
            "allow_recreate": null,
            "allow_stopping_for_update": null,
            "boot_disk": [
              {
                "auto_delete": true,
                "device_name": "fhmgflhlkq5up8v0ll0d",
                "disk_id": "fhmgflhlkq5up8v0ll0d",
                "initialize_params": [
                  {
                    "block_size": 4096,
                    "description": "",
                    "image_id": "fd826dalmbcl81eo5nig",
                    "name": "",
                    "size": 5,
                    "snapshot_id": "",
                    "type": "network-hdd"
                  }
                ],
                "mode": "READ_WRITE"
              }
            ],
            "created_at": "2022-07-21T11:29:00Z",
            "description": "",
            "folder_id": "b1gc5g05modjqt1t77f6",
            "fqdn": "fhmcso8t84kfgqhvmvdg.auto.internal",
            "hostname": "fhmcso8t84kfgqhvmvdg",
            "id": "fhmcso8t84kfgqhvmvdg",
            "labels": null,
            "local_disk": [],
            "metadata": {
              "user-data": "#cloud-config\nusers:\n  - name: test\n    groups: sudo\n    shell: /bin/bash\n    sudo: ['ALL=(ALL) NOPASSWD:ALL']\n    ssh-authorized-keys:\n      - ssh-rsa AAAAB3NzaC1yc2EAAAADAQABAAABAQCiG6JIerqqwA6IWqBDOQ/0gxth77XJ15SpqX5jUVxkDR2K0gU8tt59SVCtVezv98D4b0+rndqpBYfGx17GSgbCD815gzJJ/u7fGfqc1TmcxqAJWbKtq4Oyn/+UHTSo8IFNen42UDL6Dtn4mIY1Uex1LgMtmeBGkao3xGUAaUAogLQtXVBQDjoWpMzkxtnORy0KjqqMUc0HcpQ/He78jimVV79dykjWbU0MjUa8zgmPQSiRvoPGBqaS8hOHV0YG2ccIp3K5nXeYCSi9k/uUq1lrE9+oOXtnpgWlmobpoM5A2elovFR84noNKZvIjSPmWpZCO44e2lpyquhvhOw4DR5d rsa-key-20220311\n"
            },
            "name": "app",
            "network_acceleration_type": "standard",
            "network_interface": [
              {
                "dns_record": [],
                "index": 0,
                "ip_address": "192.168.15.13",
                "ipv4": true,
                "ipv6": false,
                "ipv6_address": "",
                "ipv6_dns_record": [],
                "mac_address": "d0:0d:ce:61:1d:41",
                "nat": true,
                "nat_dns_record": [],
                "nat_ip_address": "51.250.87.207",
                "nat_ip_version": "IPV4",
                "security_group_ids": [],
                "subnet_id": "e9b99ukgjaae48lq7lu7"
              }
            ],
            "placement_policy": [
              {
                "host_affinity_rules": [],
                "placement_group_id": ""
              }
            ],
            "platform_id": "standard-v1",
            "resources": [
              {
                "core_fraction": 100,
                "cores": 2,
                "gpus": 0,
                "memory": 2
              }
            ],
            "scheduling_policy": [
              {
                "preemptible": false
              }
            ],
            "secondary_disk": [],
            "service_account_id": "",
            "status": "running",
            "timeouts": null,
            "zone": "ru-central1-a"
          },
          "sensitive_attributes": [],
          "private": "eyJlMmJmYjczMC1lY2FhLTExZTYtOGY4OC0zNDM2M2JjN2M0YzAiOnsiY3JlYXRlIjozMDAwMDAwMDAwMDAsImRlbGV0ZSI6MzAwMDAwMDAwMDAwLCJ1cGRhdGUiOjMwMDAwMDAwMDAwMH0sInNjaGVtYV92ZXJzaW9uIjoiMSJ9",
          "dependencies": [
            "data.yandex_compute_image.ubuntu_image",
            "yandex_vpc_network.network_terraform",
            "yandex_vpc_subnet.subnet_terraform"
          ]
        }
      ]
    },
    {
      "mode": "managed",
      "type": "yandex_vpc_network",
      "name": "network_terraform",
      "provider": "provider[\"registry.terraform.io/yandex-cloud/yandex\"]",
      "instances": [
        {
          "schema_version": 0,
          "attributes": {
            "created_at": "2022-07-21T11:28:57Z",
            "default_security_group_id": "",
            "description": "",
            "folder_id": "b1gc5g05modjqt1t77f6",
            "id": "enp04nl6nc75hpu6noi5",
            "labels": {},
            "name": "net_terraform",
            "subnet_ids": [],
            "timeouts": null
          },
          "sensitive_attributes": [],
          "private": "eyJlMmJmYjczMC1lY2FhLTExZTYtOGY4OC0zNDM2M2JjN2M0YzAiOnsiY3JlYXRlIjo2MDAwMDAwMDAwMCwiZGVsZXRlIjo2MDAwMDAwMDAwMCwidXBkYXRlIjo2MDAwMDAwMDAwMH19"
        }
      ]
    },
    {
      "mode": "managed",
      "type": "yandex_vpc_subnet",
      "name": "subnet_terraform",
      "provider": "provider[\"registry.terraform.io/yandex-cloud/yandex\"]",
      "instances": [
        {
          "schema_version": 0,
          "attributes": {
            "created_at": "2022-07-21T11:28:58Z",
            "description": "",
            "dhcp_options": [],
            "folder_id": "b1gc5g05modjqt1t77f6",
            "id": "e9b99ukgjaae48lq7lu7",
            "labels": {},
            "name": "sub_terraform",
            "network_id": "enp04nl6nc75hpu6noi5",
            "route_table_id": "",
            "timeouts": null,
            "v4_cidr_blocks": [
              "192.168.15.0/24"
            ],
            "v6_cidr_blocks": [],
            "zone": "ru-central1-a"
          },
          "sensitive_attributes": [],
          "private": "eyJlMmJmYjczMC1lY2FhLTExZTYtOGY4OC0zNDM2M2JjN2M0YzAiOnsiY3JlYXRlIjoxODAwMDAwMDAwMDAsImRlbGV0ZSI6MTgwMDAwMDAwMDAwLCJ1cGRhdGUiOjE4MDAwMDAwMDAwMH19",
          "dependencies": [
            "yandex_vpc_network.network_terraform"
          ]
        }
      ]
    }
  ]
}
